
Microsoft Visual Studio Solution File, Format Version 12.00
# Visual Studio Version 17
VisualStudioVersion = 17.0.31903.59
MinimumVisualStudioVersion = 10.0.40219.1
Project("{FAE04EC0-301F-11D3-BF4B-00C04F79EFBC}") = "VictorBaseDotNET", "VictorBaseDotNET.csproj", "{E1A933E9-476D-40FF-866B-29E332374118}"
EndProject
Project("{FAE04EC0-301F-11D3-BF4B-00C04F79EFBC}") = "VictorBaseDotNET.Tests", "Tests\VictorBaseDotNET.Tests.csproj", "{4E52CCD7-C349-4696-B761-B1EA000D395E}"
EndProject
Global
	GlobalSection(SolutionConfigurationPlatforms) = preSolution
		Debug|Any CPU = Debug|Any CPU
		Release|Any CPU = Release|Any CPU
	EndGlobalSection
	GlobalSection(SolutionProperties) = preSolution
		HideSolutionNode = FALSE
	EndGlobalSection
	GlobalSection(ProjectConfigurationPlatforms) = postSolution
		{E1A933E9-476D-40FF-866B-29E332374118}.Debug|Any CPU.ActiveCfg = Debug|Any CPU
		{E1A933E9-476D-40FF-866B-29E332374118}.Debug|Any CPU.Build.0 = Debug|Any CPU
		{E1A933E9-476D-40FF-866B-29E332374118}.Release|Any CPU.ActiveCfg = Release|Any CPU
		{E1A933E9-476D-40FF-866B-29E332374118}.Release|Any CPU.Build.0 = Release|Any CPU
		{3BCD918F-9D2F-4B32-822F-9111FA8C144F}.Debug|Any CPU.ActiveCfg = Debug|Any CPU
		{3BCD918F-9D2F-4B32-822F-9111FA8C144F}.Debug|Any CPU.Build.0 = Debug|Any CPU
		{3BCD918F-9D2F-4B32-822F-9111FA8C144F}.Release|Any CPU.ActiveCfg = Release|Any CPU
		{3BCD918F-9D2F-4B32-822F-9111FA8C144F}.Release|Any CPU.Build.0 = Release|Any CPU
		{4E52CCD7-C349-4696-B761-B1EA000D395E}.Debug|Any CPU.ActiveCfg = Debug|Any CPU
		{4E52CCD7-C349-4696-B761-B1EA000D395E}.Debug|Any CPU.Build.0 = Debug|Any CPU
		{4E52CCD7-C349-4696-B761-B1EA000D395E}.Release|Any CPU.ActiveCfg = Release|Any CPU
		{4E52CCD7-C349-4696-B761-B1EA000D395E}.Release|Any CPU.Build.0 = Release|Any CPU
	EndGlobalSection
EndGlobal
